
Microsoft Visual Studio Solution File, Format Version 12.00
# Blend for Visual Studio Version 17
VisualStudioVersion = 17.2.32630.192
MinimumVisualStudioVersion = 10.0.40219.1
Project("{9A19103F-16F7-4668-BE54-9A1E7A4F7556}") = "NaturalnieApp2.Main", "NaturalnieApp2.Main\NaturalnieApp2.Main.csproj", "{C507CB6F-B71A-4CF5-9B1C-14A103C5B2FB}"
EndProject
Project("{9A19103F-16F7-4668-BE54-9A1E7A4F7556}") = "NaturalnieApp2.SharedControls", "NaturalnieApp2.SharedControls\NaturalnieApp2.SharedControls.csproj", "{146E6B69-1EF1-486C-AA9B-95CEB5D4794F}"
EndProject
Project("{9A19103F-16F7-4668-BE54-9A1E7A4F7556}") = "NaturalnieApp2.SharedResources", "NaturalnieApp2.SharedResources\NaturalnieApp2.SharedResources.csproj", "{30E7BCC2-AD5A-4EB0-B7DF-E6B79A84BAE9}"
EndProject
Project("{9A19103F-16F7-4668-BE54-9A1E7A4F7556}") = "NaturalnieApp2.SharedInterfaces", "NaturalnieApp2.SharedInterfaces\NaturalnieApp2.SharedInterfaces.csproj", "{4850BB13-4575-4F2D-8309-E89ED2C6104F}"
EndProject
Project("{9A19103F-16F7-4668-BE54-9A1E7A4F7556}") = "NaturalnieApp2.Logger", "NaturalnieApp2.Logger\NaturalnieApp2.Logger.csproj", "{8E07D155-FD53-491C-AE3B-DA17276D5E72}"
EndProject
Project("{9A19103F-16F7-4668-BE54-9A1E7A4F7556}") = "NaturalnieApp2.Common", "NaturalnieApp2.Common\NaturalnieApp2.Common.csproj", "{B4862C4B-45E5-41FC-93AF-57B33951F2F3}"
EndProject
Project("{9A19103F-16F7-4668-BE54-9A1E7A4F7556}") = "NaturalnieApp2.Logger.Tests", "NaturalnieApp2.Logger.Tests\NaturalnieApp2.Logger.Tests.csproj", "{91F1A4D6-408C-42CE-8011-E580E49C44A6}"
EndProject
Project("{9A19103F-16F7-4668-BE54-9A1E7A4F7556}") = "NaturalnieApp2.Common.Tests", "NaturalnieApp2.Common.Tests\NaturalnieApp2.Common.Tests.csproj", "{FFAAFCAB-C838-4F31-8B42-65A42A084C94}"
EndProject
Global
	GlobalSection(SolutionConfigurationPlatforms) = preSolution
		Debug|Any CPU = Debug|Any CPU
		Release|Any CPU = Release|Any CPU
	EndGlobalSection
	GlobalSection(ProjectConfigurationPlatforms) = postSolution
		{C507CB6F-B71A-4CF5-9B1C-14A103C5B2FB}.Debug|Any CPU.ActiveCfg = Debug|Any CPU
		{C507CB6F-B71A-4CF5-9B1C-14A103C5B2FB}.Debug|Any CPU.Build.0 = Debug|Any CPU
		{C507CB6F-B71A-4CF5-9B1C-14A103C5B2FB}.Release|Any CPU.ActiveCfg = Release|Any CPU
		{C507CB6F-B71A-4CF5-9B1C-14A103C5B2FB}.Release|Any CPU.Build.0 = Release|Any CPU
		{146E6B69-1EF1-486C-AA9B-95CEB5D4794F}.Debug|Any CPU.ActiveCfg = Debug|Any CPU
		{146E6B69-1EF1-486C-AA9B-95CEB5D4794F}.Debug|Any CPU.Build.0 = Debug|Any CPU
		{146E6B69-1EF1-486C-AA9B-95CEB5D4794F}.Release|Any CPU.ActiveCfg = Release|Any CPU
		{146E6B69-1EF1-486C-AA9B-95CEB5D4794F}.Release|Any CPU.Build.0 = Release|Any CPU
		{30E7BCC2-AD5A-4EB0-B7DF-E6B79A84BAE9}.Debug|Any CPU.ActiveCfg = Debug|Any CPU
		{30E7BCC2-AD5A-4EB0-B7DF-E6B79A84BAE9}.Debug|Any CPU.Build.0 = Debug|Any CPU
		{30E7BCC2-AD5A-4EB0-B7DF-E6B79A84BAE9}.Release|Any CPU.ActiveCfg = Release|Any CPU
		{30E7BCC2-AD5A-4EB0-B7DF-E6B79A84BAE9}.Release|Any CPU.Build.0 = Release|Any CPU
		{4850BB13-4575-4F2D-8309-E89ED2C6104F}.Debug|Any CPU.ActiveCfg = Debug|Any CPU
		{4850BB13-4575-4F2D-8309-E89ED2C6104F}.Debug|Any CPU.Build.0 = Debug|Any CPU
		{4850BB13-4575-4F2D-8309-E89ED2C6104F}.Release|Any CPU.ActiveCfg = Release|Any CPU
		{4850BB13-4575-4F2D-8309-E89ED2C6104F}.Release|Any CPU.Build.0 = Release|Any CPU
		{8E07D155-FD53-491C-AE3B-DA17276D5E72}.Debug|Any CPU.ActiveCfg = Debug|Any CPU
		{8E07D155-FD53-491C-AE3B-DA17276D5E72}.Debug|Any CPU.Build.0 = Debug|Any CPU
		{8E07D155-FD53-491C-AE3B-DA17276D5E72}.Release|Any CPU.ActiveCfg = Release|Any CPU
		{8E07D155-FD53-491C-AE3B-DA17276D5E72}.Release|Any CPU.Build.0 = Release|Any CPU
		{B4862C4B-45E5-41FC-93AF-57B33951F2F3}.Debug|Any CPU.ActiveCfg = Debug|Any CPU
		{B4862C4B-45E5-41FC-93AF-57B33951F2F3}.Debug|Any CPU.Build.0 = Debug|Any CPU
		{B4862C4B-45E5-41FC-93AF-57B33951F2F3}.Release|Any CPU.ActiveCfg = Release|Any CPU
		{B4862C4B-45E5-41FC-93AF-57B33951F2F3}.Release|Any CPU.Build.0 = Release|Any CPU
		{91F1A4D6-408C-42CE-8011-E580E49C44A6}.Debug|Any CPU.ActiveCfg = Debug|Any CPU
		{91F1A4D6-408C-42CE-8011-E580E49C44A6}.Debug|Any CPU.Build.0 = Debug|Any CPU
		{91F1A4D6-408C-42CE-8011-E580E49C44A6}.Release|Any CPU.ActiveCfg = Release|Any CPU
		{91F1A4D6-408C-42CE-8011-E580E49C44A6}.Release|Any CPU.Build.0 = Release|Any CPU
		{FFAAFCAB-C838-4F31-8B42-65A42A084C94}.Debug|Any CPU.ActiveCfg = Debug|Any CPU
		{FFAAFCAB-C838-4F31-8B42-65A42A084C94}.Debug|Any CPU.Build.0 = Debug|Any CPU
		{FFAAFCAB-C838-4F31-8B42-65A42A084C94}.Release|Any CPU.ActiveCfg = Release|Any CPU
		{FFAAFCAB-C838-4F31-8B42-65A42A084C94}.Release|Any CPU.Build.0 = Release|Any CPU
	EndGlobalSection
	GlobalSection(SolutionProperties) = preSolution
		HideSolutionNode = FALSE
	EndGlobalSection
	GlobalSection(ExtensibilityGlobals) = postSolution
		SolutionGuid = {1D8518C2-8383-435D-9F14-0BEBB04B3C1D}
	EndGlobalSection
EndGlobal
